// !$*UTF8*$!
{
	archiveVersion = 1;
	classes = {
	};
	objectVersion = 50;
	objects = {

/* Begin PBXBuildFile section */
		EB18F3F724BB08BB008BDA99 /* AppDelegate.swift in Sources */ = {isa = PBXBuildFile; fileRef = EB18F3F624BB08BB008BDA99 /* AppDelegate.swift */; };
		EB18F3F924BB08BB008BDA99 /* SceneDelegate.swift in Sources */ = {isa = PBXBuildFile; fileRef = EB18F3F824BB08BB008BDA99 /* SceneDelegate.swift */; };
		EB18F3FB24BB08BB008BDA99 /* VC1.swift in Sources */ = {isa = PBXBuildFile; fileRef = EB18F3FA24BB08BB008BDA99 /* VC1.swift */; };
		EB18F3FE24BB08BB008BDA99 /* Main.storyboard in Resources */ = {isa = PBXBuildFile; fileRef = EB18F3FC24BB08BB008BDA99 /* Main.storyboard */; };
		EB18F40024BB08BD008BDA99 /* Assets.xcassets in Resources */ = {isa = PBXBuildFile; fileRef = EB18F3FF24BB08BD008BDA99 /* Assets.xcassets */; };
		EB18F40324BB08BD008BDA99 /* LaunchScreen.storyboard in Resources */ = {isa = PBXBuildFile; fileRef = EB18F40124BB08BD008BDA99 /* LaunchScreen.storyboard */; };
		EB18F40B24BB0901008BDA99 /* VC2.swift in Sources */ = {isa = PBXBuildFile; fileRef = EB18F40A24BB0901008BDA99 /* VC2.swift */; };
		EB18F40D24BB0906008BDA99 /* VC3.swift in Sources */ = {isa = PBXBuildFile; fileRef = EB18F40C24BB0906008BDA99 /* VC3.swift */; };
		EB18F40F24BB090D008BDA99 /* VC4.swift in Sources */ = {isa = PBXBuildFile; fileRef = EB18F40E24BB090D008BDA99 /* VC4.swift */; };
		EB321F792590F79F006A2876 /* next.storyboard in Resources */ = {isa = PBXBuildFile; fileRef = EB321F782590F79F006A2876 /* next.storyboard */; };
		EB321F7D2590F7D5006A2876 /* VC5.swift in Sources */ = {isa = PBXBuildFile; fileRef = EB321F7C2590F7D5006A2876 /* VC5.swift */; };
/* End PBXBuildFile section */

/* Begin PBXFileReference section */
		EB18F3F324BB08BB008BDA99 /* vcTest.app */ = {isa = PBXFileReference; explicitFileType = wrapper.application; includeInIndex = 0; path = vcTest.app; sourceTree = BUILT_PRODUCTS_DIR; };
		EB18F3F624BB08BB008BDA99 /* AppDelegate.swift */ = {isa = PBXFileReference; lastKnownFileType = sourcecode.swift; path = AppDelegate.swift; sourceTree = "<group>"; };
		EB18F3F824BB08BB008BDA99 /* SceneDelegate.swift */ = {isa = PBXFileReference; lastKnownFileType = sourcecode.swift; path = SceneDelegate.swift; sourceTree = "<group>"; };
		EB18F3FA24BB08BB008BDA99 /* VC1.swift */ = {isa = PBXFileReference; lastKnownFileType = sourcecode.swift; path = VC1.swift; sourceTree = "<group>"; };
		EB18F3FD24BB08BB008BDA99 /* Base */ = {isa = PBXFileReference; lastKnownFileType = file.storyboard; name = Base; path = Base.lproj/Main.storyboard; sourceTree = "<group>"; };
		EB18F3FF24BB08BD008BDA99 /* Assets.xcassets */ = {isa = PBXFileReference; lastKnownFileType = folder.assetcatalog; path = Assets.xcassets; sourceTree = "<group>"; };
		EB18F40224BB08BD008BDA99 /* Base */ = {isa = PBXFileReference; lastKnownFileType = file.storyboard; name = Base; path = Base.lproj/LaunchScreen.storyboard; sourceTree = "<group>"; };
		EB18F40424BB08BD008BDA99 /* Info.plist */ = {isa = PBXFileReference; lastKnownFileType = text.plist.xml; path = Info.plist; sourceTree = "<group>"; };
		EB18F40A24BB0901008BDA99 /* VC2.swift */ = {isa = PBXFileReference; lastKnownFileType = sourcecode.swift; path = VC2.swift; sourceTree = "<group>"; };
		EB18F40C24BB0906008BDA99 /* VC3.swift */ = {isa = PBXFileReference; lastKnownFileType = sourcecode.swift; path = VC3.swift; sourceTree = "<group>"; };
		EB18F40E24BB090D008BDA99 /* VC4.swift */ = {isa = PBXFileReference; lastKnownFileType = sourcecode.swift; path = VC4.swift; sourceTree = "<group>"; };
		EB321F782590F79F006A2876 /* next.storyboard */ = {isa = PBXFileReference; lastKnownFileType = file.storyboard; path = next.storyboard; sourceTree = "<group>"; };
		EB321F7C2590F7D5006A2876 /* VC5.swift */ = {isa = PBXFileReference; lastKnownFileType = sourcecode.swift; path = VC5.swift; sourceTree = "<group>"; };
/* End PBXFileReference section */

/* Begin PBXFrameworksBuildPhase section */
		EB18F3F024BB08BB008BDA99 /* Frameworks */ = {
			isa = PBXFrameworksBuildPhase;
			buildActionMask = 2147483647;
			files = (
			);
			runOnlyForDeploymentPostprocessing = 0;
		};
/* End PBXFrameworksBuildPhase section */

/* Begin PBXGroup section */
		EB18F3EA24BB08BB008BDA99 = {
			isa = PBXGroup;
			children = (
				EB18F3F524BB08BB008BDA99 /* vcTest */,
				EB18F3F424BB08BB008BDA99 /* Products */,
			);
			sourceTree = "<group>";
		};
		EB18F3F424BB08BB008BDA99 /* Products */ = {
			isa = PBXGroup;
			children = (
				EB18F3F324BB08BB008BDA99 /* vcTest.app */,
			);
			name = Products;
			sourceTree = "<group>";
		};
		EB18F3F524BB08BB008BDA99 /* vcTest */ = {
			isa = PBXGroup;
			children = (
				EB321F7B2590F7B6006A2876 /* ViewController */,
				EB321F772590F786006A2876 /* StoryBoard */,
				EB321F752590F76B006A2876 /* Resources */,
				EB321F762590F771006A2876 /* AppDelegate */,
				EB18F3FF24BB08BD008BDA99 /* Assets.xcassets */,
				EB18F40424BB08BD008BDA99 /* Info.plist */,
			);
			path = vcTest;
			sourceTree = "<group>";
		};
		EB321F752590F76B006A2876 /* Resources */ = {
			isa = PBXGroup;
			children = (
			);
			path = Resources;
			sourceTree = "<group>";
		};
		EB321F762590F771006A2876 /* AppDelegate */ = {
			isa = PBXGroup;
			children = (
				EB18F3F624BB08BB008BDA99 /* AppDelegate.swift */,
				EB18F3F824BB08BB008BDA99 /* SceneDelegate.swift */,
			);
			path = AppDelegate;
			sourceTree = "<group>";
		};
		EB321F772590F786006A2876 /* StoryBoard */ = {
			isa = PBXGroup;
			children = (
				EB18F3FC24BB08BB008BDA99 /* Main.storyboard */,
				EB321F782590F79F006A2876 /* next.storyboard */,
				EB18F40124BB08BD008BDA99 /* LaunchScreen.storyboard */,
			);
			path = StoryBoard;
			sourceTree = "<group>";
		};
		EB321F7B2590F7B6006A2876 /* ViewController */ = {
			isa = PBXGroup;
			children = (
				EB18F3FA24BB08BB008BDA99 /* VC1.swift */,
				EB18F40A24BB0901008BDA99 /* VC2.swift */,
				EB18F40C24BB0906008BDA99 /* VC3.swift */,
				EB18F40E24BB090D008BDA99 /* VC4.swift */,
				EB321F7C2590F7D5006A2876 /* VC5.swift */,
			);
			path = ViewController;
			sourceTree = "<group>";
		};
/* End PBXGroup section */

/* Begin PBXNativeTarget section */
		EB18F3F224BB08BB008BDA99 /* vcTest */ = {
			isa = PBXNativeTarget;
			buildConfigurationList = EB18F40724BB08BD008BDA99 /* Build configuration list for PBXNativeTarget "vcTest" */;
			buildPhases = (
				EB18F3EF24BB08BB008BDA99 /* Sources */,
				EB18F3F024BB08BB008BDA99 /* Frameworks */,
				EB18F3F124BB08BB008BDA99 /* Resources */,
			);
			buildRules = (
			);
			dependencies = (
			);
			name = vcTest;
			productName = vcTest;
			productReference = EB18F3F324BB08BB008BDA99 /* vcTest.app */;
			productType = "com.apple.product-type.application";
		};
/* End PBXNativeTarget section */

/* Begin PBXProject section */
		EB18F3EB24BB08BB008BDA99 /* Project object */ = {
			isa = PBXProject;
			attributes = {
				LastSwiftUpdateCheck = 1150;
				LastUpgradeCheck = 1150;
				ORGANIZATIONNAME = MINYOUNGKIM;
				TargetAttributes = {
					EB18F3F224BB08BB008BDA99 = {
						CreatedOnToolsVersion = 11.5;
					};
				};
			};
			buildConfigurationList = EB18F3EE24BB08BB008BDA99 /* Build configuration list for PBXProject "vcTest" */;
			compatibilityVersion = "Xcode 9.3";
			developmentRegion = en;
			hasScannedForEncodings = 0;
			knownRegions = (
				en,
				Base,
			);
			mainGroup = EB18F3EA24BB08BB008BDA99;
			productRefGroup = EB18F3F424BB08BB008BDA99 /* Products */;
			projectDirPath = "";
			projectRoot = "";
			targets = (
				EB18F3F224BB08BB008BDA99 /* vcTest */,
			);
		};
/* End PBXProject section */

/* Begin PBXResourcesBuildPhase section */
		EB18F3F124BB08BB008BDA99 /* Resources */ = {
			isa = PBXResourcesBuildPhase;
			buildActionMask = 2147483647;
			files = (
				EB18F40324BB08BD008BDA99 /* LaunchScreen.storyboard in Resources */,
				EB321F792590F79F006A2876 /* next.storyboard in Resources */,
				EB18F40024BB08BD008BDA99 /* Assets.xcassets in Resources */,
				EB18F3FE24BB08BB008BDA99 /* Main.storyboard in Resources */,
			);
			runOnlyForDeploymentPostprocessing = 0;
		};
/* End PBXResourcesBuildPhase section */

/* Begin PBXSourcesBuildPhase section */
		EB18F3EF24BB08BB008BDA99 /* Sources */ = {
			isa = PBXSourcesBuildPhase;
			buildActionMask = 2147483647;
			files = (
				EB321F7D2590F7D5006A2876 /* VC5.swift in Sources */,
				EB18F3FB24BB08BB008BDA99 /* VC1.swift in Sources */,
				EB18F3F724BB08BB008BDA99 /* AppDelegate.swift in Sources */,
				EB18F40D24BB0906008BDA99 /* VC3.swift in Sources */,
				EB18F40F24BB090D008BDA99 /* VC4.swift in Sources */,
				EB18F3F924BB08BB008BDA99 /* SceneDelegate.swift in Sources */,
				EB18F40B24BB0901008BDA99 /* VC2.swift in Sources */,
			);
			runOnlyForDeploymentPostprocessing = 0;
		};
/* End PBXSourcesBuildPhase section */

/* Begin PBXVariantGroup section */
		EB18F3FC24BB08BB008BDA99 /* Main.storyboard */ = {
			isa = PBXVariantGroup;
			children = (
				EB18F3FD24BB08BB008BDA99 /* Base */,
			);
			name = Main.storyboard;
			sourceTree = "<group>";
		};
		EB18F40124BB08BD008BDA99 /* LaunchScreen.storyboard */ = {
			isa = PBXVariantGroup;
			children = (
				EB18F40224BB08BD008BDA99 /* Base */,
			);
			name = LaunchScreen.storyboard;
			sourceTree = "<group>";
		};
/* End PBXVariantGroup section */

/* Begin XCBuildConfiguration section */
		EB18F40524BB08BD008BDA99 /* Debug */ = {
			isa = XCBuildConfiguration;
			buildSettings = {
				ALWAYS_SEARCH_USER_PATHS = NO;
				CLANG_ANALYZER_NONNULL = YES;
				CLANG_ANALYZER_NUMBER_OBJECT_CONVERSION = YES_AGGRESSIVE;
				CLANG_CXX_LANGUAGE_STANDARD = "gnu++14";
				CLANG_CXX_LIBRARY = "libc++";
				CLANG_ENABLE_MODULES = YES;
				CLANG_ENABLE_OBJC_ARC = YES;
				CLANG_ENABLE_OBJC_WEAK = YES;
				CLANG_WARN_BLOCK_CAPTURE_AUTORELEASING = YES;
				CLANG_WARN_BOOL_CONVERSION = YES;
				CLANG_WARN_COMMA = YES;
				CLANG_WARN_CONSTANT_CONVERSION = YES;
				CLANG_WARN_DEPRECATED_OBJC_IMPLEMENTATIONS = YES;
				CLANG_WARN_DIRECT_OBJC_ISA_USAGE = YES_ERROR;
				CLANG_WARN_DOCUMENTATION_COMMENTS = YES;
				CLANG_WARN_EMPTY_BODY = YES;
				CLANG_WARN_ENUM_CONVERSION = YES;
				CLANG_WARN_INFINITE_RECURSION = YES;
				CLANG_WARN_INT_CONVERSION = YES;
				CLANG_WARN_NON_LITERAL_NULL_CONVERSION = YES;
				CLANG_WARN_OBJC_IMPLICIT_RETAIN_SELF = YES;
				CLANG_WARN_OBJC_LITERAL_CONVERSION = YES;
				CLANG_WARN_OBJC_ROOT_CLASS = YES_ERROR;
				CLANG_WARN_RANGE_LOOP_ANALYSIS = YES;
				CLANG_WARN_STRICT_PROTOTYPES = YES;
				CLANG_WARN_SUSPICIOUS_MOVE = YES;
				CLANG_WARN_UNGUARDED_AVAILABILITY = YES_AGGRESSIVE;
				CLANG_WARN_UNREACHABLE_CODE = YES;
				CLANG_WARN__DUPLICATE_METHOD_MATCH = YES;
				COPY_PHASE_STRIP = NO;
				DEBUG_INFORMATION_FORMAT = dwarf;
				ENABLE_STRICT_OBJC_MSGSEND = YES;
				ENABLE_TESTABILITY = YES;
				GCC_C_LANGUAGE_STANDARD = gnu11;
				GCC_DYNAMIC_NO_PIC = NO;
				GCC_NO_COMMON_BLOCKS = YES;
				GCC_OPTIMIZATION_LEVEL = 0;
				GCC_PREPROCESSOR_DEFINITIONS = (
					"DEBUG=1",
					"$(inherited)",
				);
				GCC_WARN_64_TO_32_BIT_CONVERSION = YES;
				GCC_WARN_ABOUT_RETURN_TYPE = YES_ERROR;
				GCC_WARN_UNDECLARED_SELECTOR = YES;
				GCC_WARN_UNINITIALIZED_AUTOS = YES_AGGRESSIVE;
				GCC_WARN_UNUSED_FUNCTION = YES;
				GCC_WARN_UNUSED_VARIABLE = YES;
				IPHONEOS_DEPLOYMENT_TARGET = 13.5;
				MTL_ENABLE_DEBUG_INFO = INCLUDE_SOURCE;
				MTL_FAST_MATH = YES;
				ONLY_ACTIVE_ARCH = YES;
				SDKROOT = iphoneos;
				SWIFT_ACTIVE_COMPILATION_CONDITIONS = DEBUG;
				SWIFT_OPTIMIZATION_LEVEL = "-Onone";
			};
			name = Debug;
		};
		EB18F40624BB08BD008BDA99 /* Release */ = {
			isa = XCBuildConfiguration;
			buildSettings = {
				ALWAYS_SEARCH_USER_PATHS = NO;
				CLANG_ANALYZER_NONNULL = YES;
				CLANG_ANALYZER_NUMBER_OBJECT_CONVERSION = YES_AGGRESSIVE;
				CLANG_CXX_LANGUAGE_STANDARD = "gnu++14";
				CLANG_CXX_LIBRARY = "libc++";
				CLANG_ENABLE_MODULES = YES;
				CLANG_ENABLE_OBJC_ARC = YES;
				CLANG_ENABLE_OBJC_WEAK = YES;
				CLANG_WARN_BLOCK_CAPTURE_AUTORELEASING = YES;
				CLANG_WARN_BOOL_CONVERSION = YES;
				CLANG_WARN_COMMA = YES;
				CLANG_WARN_CONSTANT_CONVERSION = YES;
				CLANG_WARN_DEPRECATED_OBJC_IMPLEMENTATIONS = YES;
				CLANG_WARN_DIRECT_OBJC_ISA_USAGE = YES_ERROR;
				CLANG_WARN_DOCUMENTATION_COMMENTS = YES;
				CLANG_WARN_EMPTY_BODY = YES;
				CLANG_WARN_ENUM_CONVERSION = YES;
				CLANG_WARN_INFINITE_RECURSION = YES;
				CLANG_WARN_INT_CONVERSION = YES;
				CLANG_WARN_NON_LITERAL_NULL_CONVERSION = YES;
				CLANG_WARN_OBJC_IMPLICIT_RETAIN_SELF = YES;
				CLANG_WARN_OBJC_LITERAL_CONVERSION = YES;
				CLANG_WARN_OBJC_ROOT_CLASS = YES_ERROR;
				CLANG_WARN_RANGE_LOOP_ANALYSIS = YES;
				CLANG_WARN_STRICT_PROTOTYPES = YES;
				CLANG_WARN_SUSPICIOUS_MOVE = YES;
				CLANG_WARN_UNGUARDED_AVAILABILITY = YES_AGGRESSIVE;
				CLANG_WARN_UNREACHABLE_CODE = YES;
				CLANG_WARN__DUPLICATE_METHOD_MATCH = YES;
				COPY_PHASE_STRIP = NO;
				DEBUG_INFORMATION_FORMAT = "dwarf-with-dsym";
				ENABLE_NS_ASSERTIONS = NO;
				ENABLE_STRICT_OBJC_MSGSEND = YES;
				GCC_C_LANGUAGE_STANDARD = gnu11;
				GCC_NO_COMMON_BLOCKS = YES;
				GCC_WARN_64_TO_32_BIT_CONVERSION = YES;
				GCC_WARN_ABOUT_RETURN_TYPE = YES_ERROR;
				GCC_WARN_UNDECLARED_SELECTOR = YES;
				GCC_WARN_UNINITIALIZED_AUTOS = YES_AGGRESSIVE;
				GCC_WARN_UNUSED_FUNCTION = YES;
				GCC_WARN_UNUSED_VARIABLE = YES;
				IPHONEOS_DEPLOYMENT_TARGET = 13.5;
				MTL_ENABLE_DEBUG_INFO = NO;
				MTL_FAST_MATH = YES;
				SDKROOT = iphoneos;
				SWIFT_COMPILATION_MODE = wholemodule;
				SWIFT_OPTIMIZATION_LEVEL = "-O";
				VALIDATE_PRODUCT = YES;
			};
			name = Release;
		};
		EB18F40824BB08BD008BDA99 /* Debug */ = {
			isa = XCBuildConfiguration;
			buildSettings = {
				ASSETCATALOG_COMPILER_APPICON_NAME = AppIcon;
				CODE_SIGN_STYLE = Automatic;
				DEVELOPMENT_TEAM = PA8K389HDA;
				INFOPLIST_FILE = vcTest/Info.plist;
				LD_RUNPATH_SEARCH_PATHS = (
					"$(inherited)",
					"@executable_path/Frameworks",
				);
				PRODUCT_BUNDLE_IDENTIFIER = com.kmy.vcTest;
				PRODUCT_NAME = "$(TARGET_NAME)";
				SWIFT_VERSION = 5.0;
				TARGETED_DEVICE_FAMILY = "1,2";
			};
			name = Debug;
		};
		EB18F40924BB08BD008BDA99 /* Release */ = {
			isa = XCBuildConfiguration;
			buildSettings = {
				ASSETCATALOG_COMPILER_APPICON_NAME = AppIcon;
				CODE_SIGN_STYLE = Automatic;
				DEVELOPMENT_TEAM = PA8K389HDA;
				INFOPLIST_FILE = vcTest/Info.plist;
				LD_RUNPATH_SEARCH_PATHS = (
					"$(inherited)",
					"@executable_path/Frameworks",
				);
				PRODUCT_BUNDLE_IDENTIFIER = com.kmy.vcTest;
				PRODUCT_NAME = "$(TARGET_NAME)";
				SWIFT_VERSION = 5.0;
				TARGETED_DEVICE_FAMILY = "1,2";
			};
			name = Release;
		};
/* End XCBuildConfiguration section */

/* Begin XCConfigurationList section */
		EB18F3EE24BB08BB008BDA99 /* Build configuration list for PBXProject "vcTest" */ = {
			isa = XCConfigurationList;
			buildConfigurations = (
				EB18F40524BB08BD008BDA99 /* Debug */,
				EB18F40624BB08BD008BDA99 /* Release */,
			);
			defaultConfigurationIsVisible = 0;
			defaultConfigurationName = Release;
		};
		EB18F40724BB08BD008BDA99 /* Build configuration list for PBXNativeTarget "vcTest" */ = {
			isa = XCConfigurationList;
			buildConfigurations = (
				EB18F40824BB08BD008BDA99 /* Debug */,
				EB18F40924BB08BD008BDA99 /* Release */,
			);
			defaultConfigurationIsVisible = 0;
			defaultConfigurationName = Release;
		};
/* End XCConfigurationList section */
	};
	rootObject = EB18F3EB24BB08BB008BDA99 /* Project object */;
}
